
Microsoft Visual Studio Solution File, Format Version 12.00
# Visual Studio 2012
Project("{FAE04EC0-301F-11D3-BF4B-00C04F79EFBC}") = "DiagnosticlabReportingSystem", "Diagnostic lab Reporting System\DiagnosticlabReportingSystem.csproj", "{834825D8-4343-4D9C-8859-8F5DC9CF0C8D}"
EndProject
Global
	GlobalSection(SolutionConfigurationPlatforms) = preSolution
		Debug|Any CPU = Debug|Any CPU
		Release|Any CPU = Release|Any CPU
	EndGlobalSection
	GlobalSection(ProjectConfigurationPlatforms) = postSolution
		{834825D8-4343-4D9C-8859-8F5DC9CF0C8D}.Debug|Any CPU.ActiveCfg = Debug|Any CPU
		{834825D8-4343-4D9C-8859-8F5DC9CF0C8D}.Debug|Any CPU.Build.0 = Debug|Any CPU
		{834825D8-4343-4D9C-8859-8F5DC9CF0C8D}.Release|Any CPU.ActiveCfg = Release|Any CPU
		{834825D8-4343-4D9C-8859-8F5DC9CF0C8D}.Release|Any CPU.Build.0 = Release|Any CPU
	EndGlobalSection
	GlobalSection(SolutionProperties) = preSolution
		HideSolutionNode = FALSE
	EndGlobalSection
EndGlobal
